
Microsoft Visual Studio Solution File, Format Version 12.00
# Visual Studio 15
VisualStudioVersion = 15.0.27703.2035
MinimumVisualStudioVersion = 10.0.40219.1
Project("{FAE04EC0-301F-11D3-BF4B-00C04F79EFBC}") = "eComAPI", "eComAPI\eComAPI.csproj", "{DD1678A7-3B40-498B-A695-20BB642A83DF}"
EndProject
Global
	GlobalSection(SolutionConfigurationPlatforms) = preSolution
		Debug|Any CPU = Debug|Any CPU
		Release|Any CPU = Release|Any CPU
	EndGlobalSection
	GlobalSection(ProjectConfigurationPlatforms) = postSolution
		{DD1678A7-3B40-498B-A695-20BB642A83DF}.Debug|Any CPU.ActiveCfg = Debug|Any CPU
		{DD1678A7-3B40-498B-A695-20BB642A83DF}.Debug|Any CPU.Build.0 = Debug|Any CPU
		{DD1678A7-3B40-498B-A695-20BB642A83DF}.Release|Any CPU.ActiveCfg = Release|Any CPU
		{DD1678A7-3B40-498B-A695-20BB642A83DF}.Release|Any CPU.Build.0 = Release|Any CPU
	EndGlobalSection
	GlobalSection(SolutionProperties) = preSolution
		HideSolutionNode = FALSE
	EndGlobalSection
	GlobalSection(ExtensibilityGlobals) = postSolution
		SolutionGuid = {3697DE51-DD10-4099-963B-3902D28EC3F2}
	EndGlobalSection
EndGlobal
